// !$*UTF8*$!
{
	archiveVersion = 1;
	classes = {
	};
	objectVersion = 56;
	objects = {

/* Begin PBXBuildFile section */
		AC82AD4E2AEA83B1007C78F2 /* RealEstateApp.swift in Sources */ = {isa = PBXBuildFile; fileRef = AC82AD4D2AEA83B1007C78F2 /* RealEstateApp.swift */; };
		AC82AD502AEA83B1007C78F2 /* ContentView.swift in Sources */ = {isa = PBXBuildFile; fileRef = AC82AD4F2AEA83B1007C78F2 /* ContentView.swift */; };
		AC82AD522AEA83B1007C78F2 /* Item.swift in Sources */ = {isa = PBXBuildFile; fileRef = AC82AD512AEA83B1007C78F2 /* Item.swift */; };
		AC82AD542AEA83B3007C78F2 /* Assets.xcassets in Resources */ = {isa = PBXBuildFile; fileRef = AC82AD532AEA83B3007C78F2 /* Assets.xcassets */; };
		AC82AD572AEA83B3007C78F2 /* Preview Assets.xcassets in Resources */ = {isa = PBXBuildFile; fileRef = AC82AD562AEA83B3007C78F2 /* Preview Assets.xcassets */; };
		AC82AD612AEA83B3007C78F2 /* RealEstateTests.swift in Sources */ = {isa = PBXBuildFile; fileRef = AC82AD602AEA83B3007C78F2 /* RealEstateTests.swift */; };
		AC82AD6B2AEA83B3007C78F2 /* RealEstateUITests.swift in Sources */ = {isa = PBXBuildFile; fileRef = AC82AD6A2AEA83B3007C78F2 /* RealEstateUITests.swift */; };
		AC82AD6D2AEA83B3007C78F2 /* RealEstateUITestsLaunchTests.swift in Sources */ = {isa = PBXBuildFile; fileRef = AC82AD6C2AEA83B3007C78F2 /* RealEstateUITestsLaunchTests.swift */; };
/* End PBXBuildFile section */

/* Begin PBXContainerItemProxy section */
		AC82AD5D2AEA83B3007C78F2 /* PBXContainerItemProxy */ = {
			isa = PBXContainerItemProxy;
			containerPortal = AC82AD422AEA83B1007C78F2 /* Project object */;
			proxyType = 1;
			remoteGlobalIDString = AC82AD492AEA83B1007C78F2;
			remoteInfo = RealEstate;
		};
		AC82AD672AEA83B3007C78F2 /* PBXContainerItemProxy */ = {
			isa = PBXContainerItemProxy;
			containerPortal = AC82AD422AEA83B1007C78F2 /* Project object */;
			proxyType = 1;
			remoteGlobalIDString = AC82AD492AEA83B1007C78F2;
			remoteInfo = RealEstate;
		};
/* End PBXContainerItemProxy section */

/* Begin PBXFileReference section */
		AC82AD4A2AEA83B1007C78F2 /* RealEstate.app */ = {isa = PBXFileReference; explicitFileType = wrapper.application; includeInIndex = 0; path = RealEstate.app; sourceTree = BUILT_PRODUCTS_DIR; };
		AC82AD4D2AEA83B1007C78F2 /* RealEstateApp.swift */ = {isa = PBXFileReference; lastKnownFileType = sourcecode.swift; path = RealEstateApp.swift; sourceTree = "<group>"; };
		AC82AD4F2AEA83B1007C78F2 /* ContentView.swift */ = {isa = PBXFileReference; lastKnownFileType = sourcecode.swift; path = ContentView.swift; sourceTree = "<group>"; };
		AC82AD512AEA83B1007C78F2 /* Item.swift */ = {isa = PBXFileReference; lastKnownFileType = sourcecode.swift; path = Item.swift; sourceTree = "<group>"; };
		AC82AD532AEA83B3007C78F2 /* Assets.xcassets */ = {isa = PBXFileReference; lastKnownFileType = folder.assetcatalog; path = Assets.xcassets; sourceTree = "<group>"; };
		AC82AD562AEA83B3007C78F2 /* Preview Assets.xcassets */ = {isa = PBXFileReference; lastKnownFileType = folder.assetcatalog; path = "Preview Assets.xcassets"; sourceTree = "<group>"; };
		AC82AD5C2AEA83B3007C78F2 /* RealEstateTests.xctest */ = {isa = PBXFileReference; explicitFileType = wrapper.cfbundle; includeInIndex = 0; path = RealEstateTests.xctest; sourceTree = BUILT_PRODUCTS_DIR; };
		AC82AD602AEA83B3007C78F2 /* RealEstateTests.swift */ = {isa = PBXFileReference; lastKnownFileType = sourcecode.swift; path = RealEstateTests.swift; sourceTree = "<group>"; };
		AC82AD662AEA83B3007C78F2 /* RealEstateUITests.xctest */ = {isa = PBXFileReference; explicitFileType = wrapper.cfbundle; includeInIndex = 0; path = RealEstateUITests.xctest; sourceTree = BUILT_PRODUCTS_DIR; };
		AC82AD6A2AEA83B3007C78F2 /* RealEstateUITests.swift */ = {isa = PBXFileReference; lastKnownFileType = sourcecode.swift; path = RealEstateUITests.swift; sourceTree = "<group>"; };
		AC82AD6C2AEA83B3007C78F2 /* RealEstateUITestsLaunchTests.swift */ = {isa = PBXFileReference; lastKnownFileType = sourcecode.swift; path = RealEstateUITestsLaunchTests.swift; sourceTree = "<group>"; };
/* End PBXFileReference section */

/* Begin PBXFrameworksBuildPhase section */
		AC82AD472AEA83B1007C78F2 /* Frameworks */ = {
			isa = PBXFrameworksBuildPhase;
			buildActionMask = 2147483647;
			files = (
			);
			runOnlyForDeploymentPostprocessing = 0;
		};
		AC82AD592AEA83B3007C78F2 /* Frameworks */ = {
			isa = PBXFrameworksBuildPhase;
			buildActionMask = 2147483647;
			files = (
			);
			runOnlyForDeploymentPostprocessing = 0;
		};
		AC82AD632AEA83B3007C78F2 /* Frameworks */ = {
			isa = PBXFrameworksBuildPhase;
			buildActionMask = 2147483647;
			files = (
			);
			runOnlyForDeploymentPostprocessing = 0;
		};
/* End PBXFrameworksBuildPhase section */

/* Begin PBXGroup section */
		AC82AD412AEA83B1007C78F2 = {
			isa = PBXGroup;
			children = (
				AC82AD4C2AEA83B1007C78F2 /* RealEstate */,
				AC82AD5F2AEA83B3007C78F2 /* RealEstateTests */,
				AC82AD692AEA83B3007C78F2 /* RealEstateUITests */,
				AC82AD4B2AEA83B1007C78F2 /* Products */,
			);
			sourceTree = "<group>";
		};
		AC82AD4B2AEA83B1007C78F2 /* Products */ = {
			isa = PBXGroup;
			children = (
				AC82AD4A2AEA83B1007C78F2 /* RealEstate.app */,
				AC82AD5C2AEA83B3007C78F2 /* RealEstateTests.xctest */,
				AC82AD662AEA83B3007C78F2 /* RealEstateUITests.xctest */,
			);
			name = Products;
			sourceTree = "<group>";
		};
		AC82AD4C2AEA83B1007C78F2 /* RealEstate */ = {
			isa = PBXGroup;
			children = (
				AC82AD7A2AEA847F007C78F2 /* View */,
				AC82AD792AEA8473007C78F2 /* Model */,
				AC82AD4D2AEA83B1007C78F2 /* RealEstateApp.swift */,
				AC82AD4F2AEA83B1007C78F2 /* ContentView.swift */,
				AC82AD512AEA83B1007C78F2 /* Item.swift */,
				AC82AD532AEA83B3007C78F2 /* Assets.xcassets */,
				AC82AD552AEA83B3007C78F2 /* Preview Content */,
			);
			path = RealEstate;
			sourceTree = "<group>";
		};
		AC82AD552AEA83B3007C78F2 /* Preview Content */ = {
			isa = PBXGroup;
			children = (
				AC82AD562AEA83B3007C78F2 /* Preview Assets.xcassets */,
			);
			path = "Preview Content";
			sourceTree = "<group>";
		};
		AC82AD5F2AEA83B3007C78F2 /* RealEstateTests */ = {
			isa = PBXGroup;
			children = (
				AC82AD602AEA83B3007C78F2 /* RealEstateTests.swift */,
			);
			path = RealEstateTests;
			sourceTree = "<group>";
		};
		AC82AD692AEA83B3007C78F2 /* RealEstateUITests */ = {
			isa = PBXGroup;
			children = (
				AC82AD6A2AEA83B3007C78F2 /* RealEstateUITests.swift */,
				AC82AD6C2AEA83B3007C78F2 /* RealEstateUITestsLaunchTests.swift */,
			);
			path = RealEstateUITests;
			sourceTree = "<group>";
		};
		AC82AD792AEA8473007C78F2 /* Model */ = {
			isa = PBXGroup;
			children = (
			);
			path = Model;
			sourceTree = "<group>";
		};
		AC82AD7A2AEA847F007C78F2 /* View */ = {
			isa = PBXGroup;
			children = (
			);
			path = View;
			sourceTree = "<group>";
		};
/* End PBXGroup section */

/* Begin PBXNativeTarget section */
		AC82AD492AEA83B1007C78F2 /* RealEstate */ = {
			isa = PBXNativeTarget;
			buildConfigurationList = AC82AD702AEA83B3007C78F2 /* Build configuration list for PBXNativeTarget "RealEstate" */;
			buildPhases = (
				AC82AD462AEA83B1007C78F2 /* Sources */,
				AC82AD472AEA83B1007C78F2 /* Frameworks */,
				AC82AD482AEA83B1007C78F2 /* Resources */,
			);
			buildRules = (
			);
			dependencies = (
			);
			name = RealEstate;
			productName = RealEstate;
			productReference = AC82AD4A2AEA83B1007C78F2 /* RealEstate.app */;
			productType = "com.apple.product-type.application";
		};
		AC82AD5B2AEA83B3007C78F2 /* RealEstateTests */ = {
			isa = PBXNativeTarget;
			buildConfigurationList = AC82AD732AEA83B3007C78F2 /* Build configuration list for PBXNativeTarget "RealEstateTests" */;
			buildPhases = (
				AC82AD582AEA83B3007C78F2 /* Sources */,
				AC82AD592AEA83B3007C78F2 /* Frameworks */,
				AC82AD5A2AEA83B3007C78F2 /* Resources */,
			);
			buildRules = (
			);
			dependencies = (
				AC82AD5E2AEA83B3007C78F2 /* PBXTargetDependency */,
			);
			name = RealEstateTests;
			productName = RealEstateTests;
			productReference = AC82AD5C2AEA83B3007C78F2 /* RealEstateTests.xctest */;
			productType = "com.apple.product-type.bundle.unit-test";
		};
		AC82AD652AEA83B3007C78F2 /* RealEstateUITests */ = {
			isa = PBXNativeTarget;
			buildConfigurationList = AC82AD762AEA83B3007C78F2 /* Build configuration list for PBXNativeTarget "RealEstateUITests" */;
			buildPhases = (
				AC82AD622AEA83B3007C78F2 /* Sources */,
				AC82AD632AEA83B3007C78F2 /* Frameworks */,
				AC82AD642AEA83B3007C78F2 /* Resources */,
			);
			buildRules = (
			);
			dependencies = (
				AC82AD682AEA83B3007C78F2 /* PBXTargetDependency */,
			);
			name = RealEstateUITests;
			productName = RealEstateUITests;
			productReference = AC82AD662AEA83B3007C78F2 /* RealEstateUITests.xctest */;
			productType = "com.apple.product-type.bundle.ui-testing";
		};
/* End PBXNativeTarget section */

/* Begin PBXProject section */
		AC82AD422AEA83B1007C78F2 /* Project object */ = {
			isa = PBXProject;
			attributes = {
				BuildIndependentTargetsInParallel = 1;
				LastSwiftUpdateCheck = 1500;
				LastUpgradeCheck = 1500;
				TargetAttributes = {
					AC82AD492AEA83B1007C78F2 = {
						CreatedOnToolsVersion = 15.0;
					};
					AC82AD5B2AEA83B3007C78F2 = {
						CreatedOnToolsVersion = 15.0;
						TestTargetID = AC82AD492AEA83B1007C78F2;
					};
					AC82AD652AEA83B3007C78F2 = {
						CreatedOnToolsVersion = 15.0;
						TestTargetID = AC82AD492AEA83B1007C78F2;
					};
				};
			};
			buildConfigurationList = AC82AD452AEA83B1007C78F2 /* Build configuration list for PBXProject "RealEstate" */;
			compatibilityVersion = "Xcode 14.0";
			developmentRegion = en;
			hasScannedForEncodings = 0;
			knownRegions = (
				en,
				Base,
			);
			mainGroup = AC82AD412AEA83B1007C78F2;
			productRefGroup = AC82AD4B2AEA83B1007C78F2 /* Products */;
			projectDirPath = "";
			projectRoot = "";
			targets = (
				AC82AD492AEA83B1007C78F2 /* RealEstate */,
				AC82AD5B2AEA83B3007C78F2 /* RealEstateTests */,
				AC82AD652AEA83B3007C78F2 /* RealEstateUITests */,
			);
		};
/* End PBXProject section */

/* Begin PBXResourcesBuildPhase section */
		AC82AD482AEA83B1007C78F2 /* Resources */ = {
			isa = PBXResourcesBuildPhase;
			buildActionMask = 2147483647;
			files = (
				AC82AD572AEA83B3007C78F2 /* Preview Assets.xcassets in Resources */,
				AC82AD542AEA83B3007C78F2 /* Assets.xcassets in Resources */,
			);
			runOnlyForDeploymentPostprocessing = 0;
		};
		AC82AD5A2AEA83B3007C78F2 /* Resources */ = {
			isa = PBXResourcesBuildPhase;
			buildActionMask = 2147483647;
			files = (
			);
			runOnlyForDeploymentPostprocessing = 0;
		};
		AC82AD642AEA83B3007C78F2 /* Resources */ = {
			isa = PBXResourcesBuildPhase;
			buildActionMask = 2147483647;
			files = (
			);
			runOnlyForDeploymentPostprocessing = 0;
		};
/* End PBXResourcesBuildPhase section */

/* Begin PBXSourcesBuildPhase section */
		AC82AD462AEA83B1007C78F2 /* Sources */ = {
			isa = PBXSourcesBuildPhase;
			buildActionMask = 2147483647;
			files = (
				AC82AD502AEA83B1007C78F2 /* ContentView.swift in Sources */,
				AC82AD522AEA83B1007C78F2 /* Item.swift in Sources */,
				AC82AD4E2AEA83B1007C78F2 /* RealEstateApp.swift in Sources */,
			);
			runOnlyForDeploymentPostprocessing = 0;
		};
		AC82AD582AEA83B3007C78F2 /* Sources */ = {
			isa = PBXSourcesBuildPhase;
			buildActionMask = 2147483647;
			files = (
				AC82AD612AEA83B3007C78F2 /* RealEstateTests.swift in Sources */,
			);
			runOnlyForDeploymentPostprocessing = 0;
		};
		AC82AD622AEA83B3007C78F2 /* Sources */ = {
			isa = PBXSourcesBuildPhase;
			buildActionMask = 2147483647;
			files = (
				AC82AD6D2AEA83B3007C78F2 /* RealEstateUITestsLaunchTests.swift in Sources */,
				AC82AD6B2AEA83B3007C78F2 /* RealEstateUITests.swift in Sources */,
			);
			runOnlyForDeploymentPostprocessing = 0;
		};
/* End PBXSourcesBuildPhase section */

/* Begin PBXTargetDependency section */
		AC82AD5E2AEA83B3007C78F2 /* PBXTargetDependency */ = {
			isa = PBXTargetDependency;
			target = AC82AD492AEA83B1007C78F2 /* RealEstate */;
			targetProxy = AC82AD5D2AEA83B3007C78F2 /* PBXContainerItemProxy */;
		};
		AC82AD682AEA83B3007C78F2 /* PBXTargetDependency */ = {
			isa = PBXTargetDependency;
			target = AC82AD492AEA83B1007C78F2 /* RealEstate */;
			targetProxy = AC82AD672AEA83B3007C78F2 /* PBXContainerItemProxy */;
		};
/* End PBXTargetDependency section */

/* Begin XCBuildConfiguration section */
		AC82AD6E2AEA83B3007C78F2 /* Debug */ = {
			isa = XCBuildConfiguration;
			buildSettings = {
				ALWAYS_SEARCH_USER_PATHS = NO;
				ASSETCATALOG_COMPILER_GENERATE_SWIFT_ASSET_SYMBOL_EXTENSIONS = YES;
				CLANG_ANALYZER_NONNULL = YES;
				CLANG_ANALYZER_NUMBER_OBJECT_CONVERSION = YES_AGGRESSIVE;
				CLANG_CXX_LANGUAGE_STANDARD = "gnu++20";
				CLANG_ENABLE_MODULES = YES;
				CLANG_ENABLE_OBJC_ARC = YES;
				CLANG_ENABLE_OBJC_WEAK = YES;
				CLANG_WARN_BLOCK_CAPTURE_AUTORELEASING = YES;
				CLANG_WARN_BOOL_CONVERSION = YES;
				CLANG_WARN_COMMA = YES;
				CLANG_WARN_CONSTANT_CONVERSION = YES;
				CLANG_WARN_DEPRECATED_OBJC_IMPLEMENTATIONS = YES;
				CLANG_WARN_DIRECT_OBJC_ISA_USAGE = YES_ERROR;
				CLANG_WARN_DOCUMENTATION_COMMENTS = YES;
				CLANG_WARN_EMPTY_BODY = YES;
				CLANG_WARN_ENUM_CONVERSION = YES;
				CLANG_WARN_INFINITE_RECURSION = YES;
				CLANG_WARN_INT_CONVERSION = YES;
				CLANG_WARN_NON_LITERAL_NULL_CONVERSION = YES;
				CLANG_WARN_OBJC_IMPLICIT_RETAIN_SELF = YES;
				CLANG_WARN_OBJC_LITERAL_CONVERSION = YES;
				CLANG_WARN_OBJC_ROOT_CLASS = YES_ERROR;
				CLANG_WARN_QUOTED_INCLUDE_IN_FRAMEWORK_HEADER = YES;
				CLANG_WARN_RANGE_LOOP_ANALYSIS = YES;
				CLANG_WARN_STRICT_PROTOTYPES = YES;
				CLANG_WARN_SUSPICIOUS_MOVE = YES;
				CLANG_WARN_UNGUARDED_AVAILABILITY = YES_AGGRESSIVE;
				CLANG_WARN_UNREACHABLE_CODE = YES;
				CLANG_WARN__DUPLICATE_METHOD_MATCH = YES;
				COPY_PHASE_STRIP = NO;
				DEBUG_INFORMATION_FORMAT = dwarf;
				ENABLE_STRICT_OBJC_MSGSEND = YES;
				ENABLE_TESTABILITY = YES;
				ENABLE_USER_SCRIPT_SANDBOXING = YES;
				GCC_C_LANGUAGE_STANDARD = gnu17;
				GCC_DYNAMIC_NO_PIC = NO;
				GCC_NO_COMMON_BLOCKS = YES;
				GCC_OPTIMIZATION_LEVEL = 0;
				GCC_PREPROCESSOR_DEFINITIONS = (
					"DEBUG=1",
					"$(inherited)",
				);
				GCC_WARN_64_TO_32_BIT_CONVERSION = YES;
				GCC_WARN_ABOUT_RETURN_TYPE = YES_ERROR;
				GCC_WARN_UNDECLARED_SELECTOR = YES;
				GCC_WARN_UNINITIALIZED_AUTOS = YES_AGGRESSIVE;
				GCC_WARN_UNUSED_FUNCTION = YES;
				GCC_WARN_UNUSED_VARIABLE = YES;
				IPHONEOS_DEPLOYMENT_TARGET = 17.0;
				LOCALIZATION_PREFERS_STRING_CATALOGS = YES;
				MTL_ENABLE_DEBUG_INFO = INCLUDE_SOURCE;
				MTL_FAST_MATH = YES;
				ONLY_ACTIVE_ARCH = YES;
				SDKROOT = iphoneos;
				SWIFT_ACTIVE_COMPILATION_CONDITIONS = "DEBUG $(inherited)";
				SWIFT_OPTIMIZATION_LEVEL = "-Onone";
			};
			name = Debug;
		};
		AC82AD6F2AEA83B3007C78F2 /* Release */ = {
			isa = XCBuildConfiguration;
			buildSettings = {
				ALWAYS_SEARCH_USER_PATHS = NO;
				ASSETCATALOG_COMPILER_GENERATE_SWIFT_ASSET_SYMBOL_EXTENSIONS = YES;
				CLANG_ANALYZER_NONNULL = YES;
				CLANG_ANALYZER_NUMBER_OBJECT_CONVERSION = YES_AGGRESSIVE;
				CLANG_CXX_LANGUAGE_STANDARD = "gnu++20";
				CLANG_ENABLE_MODULES = YES;
				CLANG_ENABLE_OBJC_ARC = YES;
				CLANG_ENABLE_OBJC_WEAK = YES;
				CLANG_WARN_BLOCK_CAPTURE_AUTORELEASING = YES;
				CLANG_WARN_BOOL_CONVERSION = YES;
				CLANG_WARN_COMMA = YES;
				CLANG_WARN_CONSTANT_CONVERSION = YES;
				CLANG_WARN_DEPRECATED_OBJC_IMPLEMENTATIONS = YES;
				CLANG_WARN_DIRECT_OBJC_ISA_USAGE = YES_ERROR;
				CLANG_WARN_DOCUMENTATION_COMMENTS = YES;
				CLANG_WARN_EMPTY_BODY = YES;
				CLANG_WARN_ENUM_CONVERSION = YES;
				CLANG_WARN_INFINITE_RECURSION = YES;
				CLANG_WARN_INT_CONVERSION = YES;
				CLANG_WARN_NON_LITERAL_NULL_CONVERSION = YES;
				CLANG_WARN_OBJC_IMPLICIT_RETAIN_SELF = YES;
				CLANG_WARN_OBJC_LITERAL_CONVERSION = YES;
				CLANG_WARN_OBJC_ROOT_CLASS = YES_ERROR;
				CLANG_WARN_QUOTED_INCLUDE_IN_FRAMEWORK_HEADER = YES;
				CLANG_WARN_RANGE_LOOP_ANALYSIS = YES;
				CLANG_WARN_STRICT_PROTOTYPES = YES;
				CLANG_WARN_SUSPICIOUS_MOVE = YES;
				CLANG_WARN_UNGUARDED_AVAILABILITY = YES_AGGRESSIVE;
				CLANG_WARN_UNREACHABLE_CODE = YES;
				CLANG_WARN__DUPLICATE_METHOD_MATCH = YES;
				COPY_PHASE_STRIP = NO;
				DEBUG_INFORMATION_FORMAT = "dwarf-with-dsym";
				ENABLE_NS_ASSERTIONS = NO;
				ENABLE_STRICT_OBJC_MSGSEND = YES;
				ENABLE_USER_SCRIPT_SANDBOXING = YES;
				GCC_C_LANGUAGE_STANDARD = gnu17;
				GCC_NO_COMMON_BLOCKS = YES;
				GCC_WARN_64_TO_32_BIT_CONVERSION = YES;
				GCC_WARN_ABOUT_RETURN_TYPE = YES_ERROR;
				GCC_WARN_UNDECLARED_SELECTOR = YES;
				GCC_WARN_UNINITIALIZED_AUTOS = YES_AGGRESSIVE;
				GCC_WARN_UNUSED_FUNCTION = YES;
				GCC_WARN_UNUSED_VARIABLE = YES;
				IPHONEOS_DEPLOYMENT_TARGET = 17.0;
				LOCALIZATION_PREFERS_STRING_CATALOGS = YES;
				MTL_ENABLE_DEBUG_INFO = NO;
				MTL_FAST_MATH = YES;
				SDKROOT = iphoneos;
				SWIFT_COMPILATION_MODE = wholemodule;
				VALIDATE_PRODUCT = YES;
			};
			name = Release;
		};
		AC82AD712AEA83B3007C78F2 /* Debug */ = {
			isa = XCBuildConfiguration;
			buildSettings = {
				ASSETCATALOG_COMPILER_APPICON_NAME = AppIcon;
				ASSETCATALOG_COMPILER_GLOBAL_ACCENT_COLOR_NAME = AccentColor;
				CODE_SIGN_STYLE = Automatic;
				CURRENT_PROJECT_VERSION = 1;
				DEVELOPMENT_ASSET_PATHS = "\"RealEstate/Preview Content\"";
				DEVELOPMENT_TEAM = LU893QGJWJ;
				ENABLE_PREVIEWS = YES;
				GENERATE_INFOPLIST_FILE = YES;
				INFOPLIST_KEY_UIApplicationSceneManifest_Generation = YES;
				INFOPLIST_KEY_UIApplicationSupportsIndirectInputEvents = YES;
				INFOPLIST_KEY_UILaunchScreen_Generation = YES;
				INFOPLIST_KEY_UISupportedInterfaceOrientations_iPad = "UIInterfaceOrientationPortrait UIInterfaceOrientationPortraitUpsideDown UIInterfaceOrientationLandscapeLeft UIInterfaceOrientationLandscapeRight";
				INFOPLIST_KEY_UISupportedInterfaceOrientations_iPhone = "UIInterfaceOrientationPortrait UIInterfaceOrientationLandscapeLeft UIInterfaceOrientationLandscapeRight";
				LD_RUNPATH_SEARCH_PATHS = (
					"$(inherited)",
					"@executable_path/Frameworks",
				);
				MARKETING_VERSION = 1.0;
				PRODUCT_BUNDLE_IDENTIFIER = JBcodeapp.RealEstate;
				PRODUCT_NAME = "$(TARGET_NAME)";
				SWIFT_EMIT_LOC_STRINGS = YES;
				SWIFT_VERSION = 5.0;
				TARGETED_DEVICE_FAMILY = "1,2";
			};
			name = Debug;
		};
		AC82AD722AEA83B3007C78F2 /* Release */ = {
			isa = XCBuildConfiguration;
			buildSettings = {
				ASSETCATALOG_COMPILER_APPICON_NAME = AppIcon;
				ASSETCATALOG_COMPILER_GLOBAL_ACCENT_COLOR_NAME = AccentColor;
				CODE_SIGN_STYLE = Automatic;
				CURRENT_PROJECT_VERSION = 1;
				DEVELOPMENT_ASSET_PATHS = "\"RealEstate/Preview Content\"";
				DEVELOPMENT_TEAM = LU893QGJWJ;
				ENABLE_PREVIEWS = YES;
				GENERATE_INFOPLIST_FILE = YES;
				INFOPLIST_KEY_UIApplicationSceneManifest_Generation = YES;
				INFOPLIST_KEY_UIApplicationSupportsIndirectInputEvents = YES;
				INFOPLIST_KEY_UILaunchScreen_Generation = YES;
				INFOPLIST_KEY_UISupportedInterfaceOrientations_iPad = "UIInterfaceOrientationPortrait UIInterfaceOrientationPortraitUpsideDown UIInterfaceOrientationLandscapeLeft UIInterfaceOrientationLandscapeRight";
				INFOPLIST_KEY_UISupportedInterfaceOrientations_iPhone = "UIInterfaceOrientationPortrait UIInterfaceOrientationLandscapeLeft UIInterfaceOrientationLandscapeRight";
				LD_RUNPATH_SEARCH_PATHS = (
					"$(inherited)",
					"@executable_path/Frameworks",
				);
				MARKETING_VERSION = 1.0;
				PRODUCT_BUNDLE_IDENTIFIER = JBcodeapp.RealEstate;
				PRODUCT_NAME = "$(TARGET_NAME)";
				SWIFT_EMIT_LOC_STRINGS = YES;
				SWIFT_VERSION = 5.0;
				TARGETED_DEVICE_FAMILY = "1,2";
			};
			name = Release;
		};
		AC82AD742AEA83B3007C78F2 /* Debug */ = {
			isa = XCBuildConfiguration;
			buildSettings = {
				ALWAYS_EMBED_SWIFT_STANDARD_LIBRARIES = YES;
				BUNDLE_LOADER = "$(TEST_HOST)";
				CODE_SIGN_STYLE = Automatic;
				CURRENT_PROJECT_VERSION = 1;
				DEVELOPMENT_TEAM = LU893QGJWJ;
				GENERATE_INFOPLIST_FILE = YES;
				IPHONEOS_DEPLOYMENT_TARGET = 17.0;
				MARKETING_VERSION = 1.0;
				PRODUCT_BUNDLE_IDENTIFIER = JBcodeapp.RealEstateTests;
				PRODUCT_NAME = "$(TARGET_NAME)";
				SWIFT_EMIT_LOC_STRINGS = NO;
				SWIFT_VERSION = 5.0;
				TARGETED_DEVICE_FAMILY = "1,2";
				TEST_HOST = "$(BUILT_PRODUCTS_DIR)/RealEstate.app/$(BUNDLE_EXECUTABLE_FOLDER_PATH)/RealEstate";
			};
			name = Debug;
		};
		AC82AD752AEA83B3007C78F2 /* Release */ = {
			isa = XCBuildConfiguration;
			buildSettings = {
				ALWAYS_EMBED_SWIFT_STANDARD_LIBRARIES = YES;
				BUNDLE_LOADER = "$(TEST_HOST)";
				CODE_SIGN_STYLE = Automatic;
				CURRENT_PROJECT_VERSION = 1;
				DEVELOPMENT_TEAM = LU893QGJWJ;
				GENERATE_INFOPLIST_FILE = YES;
				IPHONEOS_DEPLOYMENT_TARGET = 17.0;
				MARKETING_VERSION = 1.0;
				PRODUCT_BUNDLE_IDENTIFIER = JBcodeapp.RealEstateTests;
				PRODUCT_NAME = "$(TARGET_NAME)";
				SWIFT_EMIT_LOC_STRINGS = NO;
				SWIFT_VERSION = 5.0;
				TARGETED_DEVICE_FAMILY = "1,2";
				TEST_HOST = "$(BUILT_PRODUCTS_DIR)/RealEstate.app/$(BUNDLE_EXECUTABLE_FOLDER_PATH)/RealEstate";
			};
			name = Release;
		};
		AC82AD772AEA83B3007C78F2 /* Debug */ = {
			isa = XCBuildConfiguration;
			buildSettings = {
				ALWAYS_EMBED_SWIFT_STANDARD_LIBRARIES = YES;
				CODE_SIGN_STYLE = Automatic;
				CURRENT_PROJECT_VERSION = 1;
				DEVELOPMENT_TEAM = LU893QGJWJ;
				GENERATE_INFOPLIST_FILE = YES;
				MARKETING_VERSION = 1.0;
				PRODUCT_BUNDLE_IDENTIFIER = JBcodeapp.RealEstateUITests;
				PRODUCT_NAME = "$(TARGET_NAME)";
				SWIFT_EMIT_LOC_STRINGS = NO;
				SWIFT_VERSION = 5.0;
				TARGETED_DEVICE_FAMILY = "1,2";
				TEST_TARGET_NAME = RealEstate;
			};
			name = Debug;
		};
		AC82AD782AEA83B3007C78F2 /* Release */ = {
			isa = XCBuildConfiguration;
			buildSettings = {
				ALWAYS_EMBED_SWIFT_STANDARD_LIBRARIES = YES;
				CODE_SIGN_STYLE = Automatic;
				CURRENT_PROJECT_VERSION = 1;
				DEVELOPMENT_TEAM = LU893QGJWJ;
				GENERATE_INFOPLIST_FILE = YES;
				MARKETING_VERSION = 1.0;
				PRODUCT_BUNDLE_IDENTIFIER = JBcodeapp.RealEstateUITests;
				PRODUCT_NAME = "$(TARGET_NAME)";
				SWIFT_EMIT_LOC_STRINGS = NO;
				SWIFT_VERSION = 5.0;
				TARGETED_DEVICE_FAMILY = "1,2";
				TEST_TARGET_NAME = RealEstate;
			};
			name = Release;
		};
/* End XCBuildConfiguration section */

/* Begin XCConfigurationList section */
		AC82AD452AEA83B1007C78F2 /* Build configuration list for PBXProject "RealEstate" */ = {
			isa = XCConfigurationList;
			buildConfigurations = (
				AC82AD6E2AEA83B3007C78F2 /* Debug */,
				AC82AD6F2AEA83B3007C78F2 /* Release */,
			);
			defaultConfigurationIsVisible = 0;
			defaultConfigurationName = Release;
		};
		AC82AD702AEA83B3007C78F2 /* Build configuration list for PBXNativeTarget "RealEstate" */ = {
			isa = XCConfigurationList;
			buildConfigurations = (
				AC82AD712AEA83B3007C78F2 /* Debug */,
				AC82AD722AEA83B3007C78F2 /* Release */,
			);
			defaultConfigurationIsVisible = 0;
			defaultConfigurationName = Release;
		};
		AC82AD732AEA83B3007C78F2 /* Build configuration list for PBXNativeTarget "RealEstateTests" */ = {
			isa = XCConfigurationList;
			buildConfigurations = (
				AC82AD742AEA83B3007C78F2 /* Debug */,
				AC82AD752AEA83B3007C78F2 /* Release */,
			);
			defaultConfigurationIsVisible = 0;
			defaultConfigurationName = Release;
		};
		AC82AD762AEA83B3007C78F2 /* Build configuration list for PBXNativeTarget "RealEstateUITests" */ = {
			isa = XCConfigurationList;
			buildConfigurations = (
				AC82AD772AEA83B3007C78F2 /* Debug */,
				AC82AD782AEA83B3007C78F2 /* Release */,
			);
			defaultConfigurationIsVisible = 0;
			defaultConfigurationName = Release;
		};
/* End XCConfigurationList section */
	};
	rootObject = AC82AD422AEA83B1007C78F2 /* Project object */;
}
